<?xml version="1.0" encoding="utf-8"?>
<Project ToolsVersion="4.0" xmlns="http://schemas.microsoft.com/developer/msbuild/2003">
  <ItemGroup>
    <Filter Include="Source Files">
      <UniqueIdentifier>{4FC737F1-C7A5-4376-A066-2A32D752A2FF}</UniqueIdentifier>
      <Extensions>cpp;c;cc;cxx;c++;cppm;ixx;def;odl;idl;hpj;bat;asm;asmx</Extensions>
    </Filter>
    <Filter Include="Header Files">
      <UniqueIdentifier>{93995380-89BD-4b04-88EB-625FBE52EBFB}</UniqueIdentifier>
      <Extensions>h;hh;hpp;hxx;h++;hm;inl;inc;ipp;xsd</Extensions>
    </Filter>
    <Filter Include="Resource Files">
      <UniqueIdentifier>{67DA6AB6-F800-4c08-8B7A-83BB121AAD01}</UniqueIdentifier>
      <Extensions>rc;ico;cur;bmp;dlg;rc2;rct;bin;rgs;gif;jpg;jpeg;jpe;resx;tiff;tif;png;wav;mfcribbon-ms</Extensions>
    </Filter>
    <Filter Include="Header Files\ClientCommands">
      <UniqueIdentifier>{0dee8be2-3378-48be-81b4-5f52b082a62b}</UniqueIdentifier>
    </Filter>
    <Filter Include="Source Files\ClientCommands">
      <UniqueIdentifier>{5a446f20-a34e-4067-8b1c-3049f3dab666}</UniqueIdentifier>
    </Filter>
    <Filter Include="Header Files\Tasks">
      <UniqueIdentifier>{fa3964df-fce6-4608-ae13-e9bff9165845}</UniqueIdentifier>
    </Filter>
    <Filter Include="Source Files\Tasks">
      <UniqueIdentifier>{01736e36-0430-4e69-83d7-da0ddb2d524f}</UniqueIdentifier>
    </Filter>
    <Filter Include="Header Files\Utilities">
      <UniqueIdentifier>{bd8b85b1-f9c2-4130-96fa-de3bb22f98b4}</UniqueIdentifier>
    </Filter>
    <Filter Include="Source Files\Utilities">
      <UniqueIdentifier>{df3d20ee-b939-4f1d-96e1-d8e6ac7990e4}</UniqueIdentifier>
    </Filter>
    <Filter Include="Header Files\Users">
      <UniqueIdentifier>{7a77aa99-f020-4cd1-a668-bc4f5ca0c859}</UniqueIdentifier>
    </Filter>
    <Filter Include="Source Files\Users">
      <UniqueIdentifier>{f9422b40-ce87-4218-887a-d2f7858bd617}</UniqueIdentifier>
    </Filter>
    <Filter Include="Header Files\BankEmployeeComands">
      <UniqueIdentifier>{db1d8109-a49a-479d-abc6-134500a1e124}</UniqueIdentifier>
    </Filter>
    <Filter Include="Source Files\BankEmployeeComands">
      <UniqueIdentifier>{e0111385-93b9-4cb5-8793-8ee0d1923f88}</UniqueIdentifier>
    </Filter>
    <Filter Include="Header Files\SystemCommands">
      <UniqueIdentifier>{8457b2aa-1d70-4d72-b171-310522ffa9bd}</UniqueIdentifier>
    </Filter>
    <Filter Include="Source Files\SystemCommands">
      <UniqueIdentifier>{273ca4a4-c3a3-434f-a1f3-51731d24d075}</UniqueIdentifier>
    </Filter>
    <Filter Include="Header Files\ExternalEmployeeComands">
      <UniqueIdentifier>{e7a1c7be-17ba-4500-b0ae-c5811654f3f8}</UniqueIdentifier>
    </Filter>
    <Filter Include="Source Files\ExternalEmployeesComand">
      <UniqueIdentifier>{1ffcb8ee-f4c0-4c28-9ae1-352701741c87}</UniqueIdentifier>
    </Filter>
  </ItemGroup>
  <ItemGroup>
    <ClCompile Include="main.cpp">
      <Filter>Source Files</Filter>
    </ClCompile>
    <ClCompile Include="Check.cpp">
      <Filter>Source Files</Filter>
    </ClCompile>
    <ClCompile Include="Bank.cpp">
      <Filter>Source Files</Filter>
    </ClCompile>
    <ClCompile Include="Bill.cpp">
      <Filter>Source Files</Filter>
    </ClCompile>
    <ClCompile Include="BankSystem.cpp">
      <Filter>Source Files</Filter>
    </ClCompile>
    <ClCompile Include="Users\BankEmployee.cpp">
      <Filter>Source Files\Users</Filter>
    </ClCompile>
    <ClCompile Include="Users\Client.cpp">
      <Filter>Source Files\Users</Filter>
    </ClCompile>
    <ClCompile Include="Users\ExternalCompanyEmployee.cpp">
      <Filter>Source Files\Users</Filter>
    </ClCompile>
    <ClCompile Include="Users\User.cpp">
      <Filter>Source Files\Users</Filter>
    </ClCompile>
    <ClCompile Include="Utilities\IDGeneratedParse.cpp">
      <Filter>Source Files\Utilities</Filter>
    </ClCompile>
    <ClCompile Include="Utilities\MyString.cpp">
      <Filter>Source Files\Utilities</Filter>
    </ClCompile>
    <ClCompile Include="Tasks\ChangeAccountTask.cpp">
      <Filter>Source Files\Tasks</Filter>
    </ClCompile>
    <ClCompile Include="Tasks\ChangeAccountTaskApproved.cpp">
      <Filter>Source Files\Tasks</Filter>
    </ClCompile>
    <ClCompile Include="Tasks\ChangeAccountTaskNoValidated.cpp">
      <Filter>Source Files\Tasks</Filter>
    </ClCompile>
    <ClCompile Include="Tasks\ChangeAccountTaskValidated.cpp">
      <Filter>Source Files\Tasks</Filter>
    </ClCompile>
    <ClCompile Include="Tasks\CloseAccountTask.cpp">
      <Filter>Source Files\Tasks</Filter>
    </ClCompile>
    <ClCompile Include="Tasks\OpenAccountTask.cpp">
      <Filter>Source Files\Tasks</Filter>
    </ClCompile>
    <ClCompile Include="Tasks\Task.cpp">
      <Filter>Source Files\Tasks</Filter>
    </ClCompile>
    <ClCompile Include="ExternalEmployeesCommands\SendCheckCommand.cpp">
      <Filter>Source Files\ExternalEmployeesComand</Filter>
    </ClCompile>
    <ClCompile Include="SystemCommands\CreateBankCommand.cpp">
      <Filter>Source Files\SystemCommands</Filter>
    </ClCompile>
    <ClCompile Include="SystemCommands\HandleBankEmployeeCommands.cpp">
      <Filter>Source Files\SystemCommands</Filter>
    </ClCompile>
    <ClCompile Include="SystemCommands\HandleClientCommands.cpp">
      <Filter>Source Files\SystemCommands</Filter>
    </ClCompile>
    <ClCompile Include="SystemCommands\HandleExternalEmployeeCommand.cpp">
      <Filter>Source Files\SystemCommands</Filter>
    </ClCompile>
    <ClCompile Include="SystemCommands\HandleNoneCommand.cpp">
      <Filter>Source Files\SystemCommands</Filter>
    </ClCompile>
    <ClCompile Include="SystemCommands\LoginCommand.cpp">
      <Filter>Source Files\SystemCommands</Filter>
    </ClCompile>
    <ClCompile Include="SystemCommands\LogOutCommand.cpp">
      <Filter>Source Files\SystemCommands</Filter>
    </ClCompile>
    <ClCompile Include="SystemCommands\RegisterCommand.cpp">
      <Filter>Source Files\SystemCommands</Filter>
    </ClCompile>
    <ClCompile Include="SystemCommands\RunCommand.cpp">
      <Filter>Source Files\SystemCommands</Filter>
    </ClCompile>
    <ClCompile Include="ClientCommands\ChangeCommand.cpp">
      <Filter>Source Files\ClientCommands</Filter>
    </ClCompile>
    <ClCompile Include="ClientCommands\CheckAvlCommand.cpp">
      <Filter>Source Files\ClientCommands</Filter>
    </ClCompile>
    <ClCompile Include="ClientCommands\CloseCommand.cpp">
      <Filter>Source Files\ClientCommands</Filter>
    </ClCompile>
    <ClCompile Include="ClientCommands\ListCommand.cpp">
      <Filter>Source Files\ClientCommands</Filter>
    </ClCompile>
    <ClCompile Include="ClientCommands\MessagesCommand.cpp">
      <Filter>Source Files\ClientCommands</Filter>
    </ClCompile>
    <ClCompile Include="ClientCommands\OpenCommand.cpp">
      <Filter>Source Files\ClientCommands</Filter>
    </ClCompile>
    <ClCompile Include="ClientCommands\RedeemCommand.cpp">
      <Filter>Source Files\ClientCommands</Filter>
    </ClCompile>
    <ClCompile Include="BankEmployeeCommands\ApproveCommand.cpp">
      <Filter>Source Files\BankEmployeeComands</Filter>
    </ClCompile>
    <ClCompile Include="BankEmployeeCommands\DisapproveCommand.cpp">
      <Filter>Source Files\BankEmployeeComands</Filter>
    </ClCompile>
    <ClCompile Include="BankEmployeeCommands\ShowTasksCommand.cpp">
      <Filter>Source Files\BankEmployeeComands</Filter>
    </ClCompile>
    <ClCompile Include="BankEmployeeCommands\ValidateTaskCommand.cpp">
      <Filter>Source Files\BankEmployeeComands</Filter>
    </ClCompile>
    <ClCompile Include="BankEmployeeCommands\ViewTaskCommand.cpp">
      <Filter>Source Files\BankEmployeeComands</Filter>
    </ClCompile>
  </ItemGroup>
  <ItemGroup>
    <ClInclude Include="Check.h">
      <Filter>Header Files</Filter>
    </ClInclude>
    <ClInclude Include="Bank.h">
      <Filter>Header Files</Filter>
    </ClInclude>
    <ClInclude Include="Bill.h">
      <Filter>Header Files</Filter>
    </ClInclude>
    <ClInclude Include="BankSystem.h">
      <Filter>Header Files</Filter>
    </ClInclude>
    <ClInclude Include="Users\BankEmployee.h">
      <Filter>Header Files\Users</Filter>
    </ClInclude>
    <ClInclude Include="Users\Client.h">
      <Filter>Header Files\Users</Filter>
    </ClInclude>
    <ClInclude Include="Users\ExternalCompanyEmployee.h">
      <Filter>Header Files\Users</Filter>
    </ClInclude>
    <ClInclude Include="Users\User.h">
      <Filter>Header Files\Users</Filter>
    </ClInclude>
    <ClInclude Include="Utilities\IDGenerateParse.h">
      <Filter>Header Files\Utilities</Filter>
    </ClInclude>
    <ClInclude Include="Utilities\MyString.h">
      <Filter>Header Files\Utilities</Filter>
    </ClInclude>
    <ClInclude Include="Utilities\MyVector.hpp">
      <Filter>Header Files\Utilities</Filter>
    </ClInclude>
    <ClInclude Include="Utilities\PolyMorphic_Ptr.hpp">
      <Filter>Header Files\Utilities</Filter>
    </ClInclude>
    <ClInclude Include="Tasks\ChangeAccountTask.h">
      <Filter>Header Files\Tasks</Filter>
    </ClInclude>
    <ClInclude Include="Tasks\ChangeAccountTaskApproved.h">
      <Filter>Header Files\Tasks</Filter>
    </ClInclude>
    <ClInclude Include="Tasks\ChangeAccountTaskNoValidated.h">
      <Filter>Header Files\Tasks</Filter>
    </ClInclude>
    <ClInclude Include="Tasks\ChangeAccountTaskValidated.h">
      <Filter>Header Files\Tasks</Filter>
    </ClInclude>
    <ClInclude Include="Tasks\CloseAccountTask.h">
      <Filter>Header Files\Tasks</Filter>
    </ClInclude>
    <ClInclude Include="Tasks\OpenAccountTask.h">
      <Filter>Header Files\Tasks</Filter>
    </ClInclude>
    <ClInclude Include="Tasks\Task.h">
      <Filter>Header Files\Tasks</Filter>
    </ClInclude>
    <ClInclude Include="ExternalEmployeesCommands\SendCheckCommand.h">
      <Filter>Header Files\ExternalEmployeeComands</Filter>
    </ClInclude>
    <ClInclude Include="SystemCommands\CreateBankCommand.h">
      <Filter>Header Files\SystemCommands</Filter>
    </ClInclude>
    <ClInclude Include="SystemCommands\HandleBankEmployeeCommands.h">
      <Filter>Header Files\SystemCommands</Filter>
    </ClInclude>
    <ClInclude Include="SystemCommands\HandleClientCommands.h">
      <Filter>Header Files\SystemCommands</Filter>
    </ClInclude>
    <ClInclude Include="SystemCommands\HandleExternalEmployeeCommand.h">
      <Filter>Header Files\SystemCommands</Filter>
    </ClInclude>
    <ClInclude Include="SystemCommands\HandleNoneCommand.h">
      <Filter>Header Files\SystemCommands</Filter>
    </ClInclude>
    <ClInclude Include="SystemCommands\LoginCommand.h">
      <Filter>Header Files\SystemCommands</Filter>
    </ClInclude>
    <ClInclude Include="SystemCommands\LogOutCommand.h">
      <Filter>Header Files\SystemCommands</Filter>
    </ClInclude>
    <ClInclude Include="SystemCommands\RegisterCommand.h">
      <Filter>Header Files\SystemCommands</Filter>
    </ClInclude>
    <ClInclude Include="SystemCommands\RunCommand.h">
      <Filter>Header Files\SystemCommands</Filter>
    </ClInclude>
    <ClInclude Include="ClientCommands\ChangeCommand.h">
      <Filter>Header Files\ClientCommands</Filter>
    </ClInclude>
    <ClInclude Include="ClientCommands\CheckAvlCommand.h">
      <Filter>Header Files\ClientCommands</Filter>
    </ClInclude>
    <ClInclude Include="ClientCommands\CloseCommand.h">
      <Filter>Header Files\ClientCommands</Filter>
    </ClInclude>
    <ClInclude Include="ClientCommands\ListCommand.h">
      <Filter>Header Files\ClientCommands</Filter>
    </ClInclude>
    <ClInclude Include="ClientCommands\MessagesCommand.h">
      <Filter>Header Files\ClientCommands</Filter>
    </ClInclude>
    <ClInclude Include="ClientCommands\OpenCommand.h">
      <Filter>Header Files\ClientCommands</Filter>
    </ClInclude>
    <ClInclude Include="ClientCommands\RedeemCommand.h">
      <Filter>Header Files\ClientCommands</Filter>
    </ClInclude>
    <ClInclude Include="BankEmployeeCommands\ApproveCommand.h">
      <Filter>Header Files\BankEmployeeComands</Filter>
    </ClInclude>
    <ClInclude Include="BankEmployeeCommands\DisapproveCommand.h">
      <Filter>Header Files\BankEmployeeComands</Filter>
    </ClInclude>
    <ClInclude Include="BankEmployeeCommands\ShowTasksCommand.h">
      <Filter>Header Files\BankEmployeeComands</Filter>
    </ClInclude>
    <ClInclude Include="BankEmployeeCommands\ValidateTaskCommand.h">
      <Filter>Header Files\BankEmployeeComands</Filter>
    </ClInclude>
    <ClInclude Include="BankEmployeeCommands\ViewTaskCommand.h">
      <Filter>Header Files\BankEmployeeComands</Filter>
    </ClInclude>
    <ClInclude Include="Command.h">
      <Filter>Header Files</Filter>
    </ClInclude>
  </ItemGroup>
</Project>