<?xml version="1.0" encoding="utf-8"?>
<Project ToolsVersion="4.0" xmlns="http://schemas.microsoft.com/developer/msbuild/2003">
  <ItemGroup>
    <Filter Include="Source Files">
      <UniqueIdentifier>{4FC737F1-C7A5-4376-A066-2A32D752A2FF}</UniqueIdentifier>
      <Extensions>cpp;c;cc;cxx;c++;cppm;ixx;def;odl;idl;hpj;bat;asm;asmx</Extensions>
    </Filter>
    <Filter Include="Header Files">
      <UniqueIdentifier>{93995380-89BD-4b04-88EB-625FBE52EBFB}</UniqueIdentifier>
      <Extensions>h;hh;hpp;hxx;h++;hm;inl;inc;ipp;xsd</Extensions>
    </Filter>
    <Filter Include="Resource Files">
      <UniqueIdentifier>{67DA6AB6-F800-4c08-8B7A-83BB121AAD01}</UniqueIdentifier>
      <Extensions>rc;ico;cur;bmp;dlg;rc2;rct;bin;rgs;gif;jpg;jpeg;jpe;resx;tiff;tif;png;wav;mfcribbon-ms</Extensions>
    </Filter>
    <Filter Include="Header Files\ClientCommands">
      <UniqueIdentifier>{0dee8be2-3378-48be-81b4-5f52b082a62b}</UniqueIdentifier>
    </Filter>
    <Filter Include="Source Files\ClientCommands">
      <UniqueIdentifier>{5a446f20-a34e-4067-8b1c-3049f3dab666}</UniqueIdentifier>
    </Filter>
    <Filter Include="Header Files\EmployeeComands">
      <UniqueIdentifier>{db1d8109-a49a-479d-abc6-134500a1e124}</UniqueIdentifier>
    </Filter>
    <Filter Include="Source Files\EmployeeComands">
      <UniqueIdentifier>{e0111385-93b9-4cb5-8793-8ee0d1923f88}</UniqueIdentifier>
    </Filter>
    <Filter Include="Header Files\Tasks">
      <UniqueIdentifier>{fa3964df-fce6-4608-ae13-e9bff9165845}</UniqueIdentifier>
    </Filter>
    <Filter Include="Source Files\Tasks">
      <UniqueIdentifier>{01736e36-0430-4e69-83d7-da0ddb2d524f}</UniqueIdentifier>
    </Filter>
    <Filter Include="Header Files\Utilities">
      <UniqueIdentifier>{bd8b85b1-f9c2-4130-96fa-de3bb22f98b4}</UniqueIdentifier>
    </Filter>
    <Filter Include="Source Files\Utilities">
      <UniqueIdentifier>{df3d20ee-b939-4f1d-96e1-d8e6ac7990e4}</UniqueIdentifier>
    </Filter>
  </ItemGroup>
  <ItemGroup>
    <ClCompile Include="main.cpp">
      <Filter>Source Files</Filter>
    </ClCompile>
    <ClCompile Include="User.cpp">
      <Filter>Source Files</Filter>
    </ClCompile>
    <ClCompile Include="Check.cpp">
      <Filter>Source Files</Filter>
    </ClCompile>
    <ClCompile Include="Client.cpp">
      <Filter>Source Files</Filter>
    </ClCompile>
    <ClCompile Include="Bank.cpp">
      <Filter>Source Files</Filter>
    </ClCompile>
    <ClCompile Include="Bill.cpp">
      <Filter>Source Files</Filter>
    </ClCompile>
    <ClCompile Include="TaskFactory.cpp">
      <Filter>Source Files</Filter>
    </ClCompile>
    <ClCompile Include="BankEmployee.cpp">
      <Filter>Source Files</Filter>
    </ClCompile>
    <ClCompile Include="ClientCommand.cpp">
      <Filter>Source Files\ClientCommands</Filter>
    </ClCompile>
    <ClCompile Include="BankSystem.cpp">
      <Filter>Source Files</Filter>
    </ClCompile>
    <ClCompile Include="Task.cpp">
      <Filter>Source Files\Tasks</Filter>
    </ClCompile>
    <ClCompile Include="OpenAccountTask.cpp">
      <Filter>Source Files\Tasks</Filter>
    </ClCompile>
    <ClCompile Include="ChangeAccountTaskNoValidated.cpp">
      <Filter>Source Files\Tasks</Filter>
    </ClCompile>
    <ClCompile Include="ChangeAccountTaskValidated.cpp">
      <Filter>Source Files\Tasks</Filter>
    </ClCompile>
    <ClCompile Include="ChangeAccountTask.cpp">
      <Filter>Source Files\Tasks</Filter>
    </ClCompile>
    <ClCompile Include="ChangeAccountTaskApproved.cpp">
      <Filter>Source Files\Tasks</Filter>
    </ClCompile>
    <ClCompile Include="MyString.cpp">
      <Filter>Source Files\Utilities</Filter>
    </ClCompile>
  </ItemGroup>
  <ItemGroup>
    <ClInclude Include="User.h">
      <Filter>Header Files</Filter>
    </ClInclude>
    <ClInclude Include="Check.h">
      <Filter>Header Files</Filter>
    </ClInclude>
    <ClInclude Include="Client.h">
      <Filter>Header Files</Filter>
    </ClInclude>
    <ClInclude Include="Pair.hpp">
      <Filter>Header Files</Filter>
    </ClInclude>
    <ClInclude Include="Bank.h">
      <Filter>Header Files</Filter>
    </ClInclude>
    <ClInclude Include="Bill.h">
      <Filter>Header Files</Filter>
    </ClInclude>
    <ClInclude Include="TaskFactory.h">
      <Filter>Header Files</Filter>
    </ClInclude>
    <ClInclude Include="BankEmployee.h">
      <Filter>Header Files</Filter>
    </ClInclude>
    <ClInclude Include="ClientCommand.h">
      <Filter>Header Files\ClientCommands</Filter>
    </ClInclude>
    <ClInclude Include="BankSystem.h">
      <Filter>Header Files</Filter>
    </ClInclude>
    <ClInclude Include="Task.h">
      <Filter>Header Files\Tasks</Filter>
    </ClInclude>
    <ClInclude Include="OpenAccountTask.h">
      <Filter>Header Files\Tasks</Filter>
    </ClInclude>
    <ClInclude Include="ChangeAccountTaskNoValidated.h">
      <Filter>Header Files\Tasks</Filter>
    </ClInclude>
    <ClInclude Include="ChangeAccountTaskValidated.h">
      <Filter>Header Files\Tasks</Filter>
    </ClInclude>
    <ClInclude Include="ChangeAccountTask.h">
      <Filter>Header Files\Tasks</Filter>
    </ClInclude>
    <ClInclude Include="ChangeAccountTaskApproved.h">
      <Filter>Header Files\Tasks</Filter>
    </ClInclude>
    <ClInclude Include="MyVector.hpp">
      <Filter>Header Files\Utilities</Filter>
    </ClInclude>
    <ClInclude Include="PolyMorphic_Ptr.hpp">
      <Filter>Header Files\Utilities</Filter>
    </ClInclude>
    <ClInclude Include="MyString.h">
      <Filter>Header Files\Utilities</Filter>
    </ClInclude>
  </ItemGroup>
</Project>